
Microsoft Visual Studio Solution File, Format Version 12.00
# Visual Studio Version 17
VisualStudioVersion = 17.2.32602.215
MinimumVisualStudioVersion = 10.0.40219.1
Project("{FAE04EC0-301F-11D3-BF4B-00C04F79EFBC}") = "FutbolWebAPI", "FutbolWebAPI.csproj", "{6F6B7778-1CBD-46AF-8605-5FADBAB511DA}"
EndProject
Project("{2150E333-8FDC-42A3-9474-1A3956D46DE8}") = "Solution Items", "Solution Items", "{C6F37512-0A1C-4A4A-8F3D-034F7F5BD7C6}"
	ProjectSection(SolutionItems) = preProject
		SqlQuery_1.sql = SqlQuery_1.sql
	EndProjectSection
EndProject
Global
	GlobalSection(SolutionConfigurationPlatforms) = preSolution
		Debug|Any CPU = Debug|Any CPU
		Release|Any CPU = Release|Any CPU
	EndGlobalSection
	GlobalSection(ProjectConfigurationPlatforms) = postSolution
		{6F6B7778-1CBD-46AF-8605-5FADBAB511DA}.Debug|Any CPU.ActiveCfg = Debug|Any CPU
		{6F6B7778-1CBD-46AF-8605-5FADBAB511DA}.Debug|Any CPU.Build.0 = Debug|Any CPU
		{6F6B7778-1CBD-46AF-8605-5FADBAB511DA}.Release|Any CPU.ActiveCfg = Release|Any CPU
		{6F6B7778-1CBD-46AF-8605-5FADBAB511DA}.Release|Any CPU.Build.0 = Release|Any CPU
	EndGlobalSection
	GlobalSection(SolutionProperties) = preSolution
		HideSolutionNode = FALSE
	EndGlobalSection
	GlobalSection(ExtensibilityGlobals) = postSolution
		SolutionGuid = {99C1F188-8176-4292-9FA4-1F64E910A4AF}
	EndGlobalSection
EndGlobal
